{
  "originHash" : "64aad6cc2ef0846a6787612427a12da98d8c6c2c023d3f091ff05cefd457c343",
  "pins" : [
    {
      "identity" : "uxcam-ios-sdk",
      "kind" : "remoteSourceControl",
      "location" : "https://github.com/uxcam/uxcam-ios-sdk",
      "state" : {
        "revision" : "fa8f7039b266f2bc3848a01e32c2991e186568fa",
        "version" : "3.6.23"
      }
    }
  ],
  "version" : 3
}
